// !$*UTF8*$!
{
	archiveVersion = 1;
	classes = {
	};
	objectVersion = 56;
	objects = {

/* Begin PBXBuildFile section */
		B644CB402A45A971000BF247 /* FootingView.swift in Sources */ = {isa = PBXBuildFile; fileRef = B644CB3F2A45A971000BF247 /* FootingView.swift */; };
		B644CB422A45A998000BF247 /* AboutView.swift in Sources */ = {isa = PBXBuildFile; fileRef = B644CB412A45A998000BF247 /* AboutView.swift */; };
		B644CB442A45A9B2000BF247 /* TimerSettingView.swift in Sources */ = {isa = PBXBuildFile; fileRef = B644CB432A45A9B2000BF247 /* TimerSettingView.swift */; };
		B644CB472A45BCCD000BF247 /* LaunchAtLogin in Frameworks */ = {isa = PBXBuildFile; productRef = B644CB462A45BCCD000BF247 /* LaunchAtLogin */; };
		B677A30C2A450B7C009348F9 /* tinyTimerApp.swift in Sources */ = {isa = PBXBuildFile; fileRef = B677A30B2A450B7C009348F9 /* tinyTimerApp.swift */; };
		B677A30E2A450B7C009348F9 /* ContentView.swift in Sources */ = {isa = PBXBuildFile; fileRef = B677A30D2A450B7C009348F9 /* ContentView.swift */; };
		B677A3102A450B7D009348F9 /* Assets.xcassets in Resources */ = {isa = PBXBuildFile; fileRef = B677A30F2A450B7D009348F9 /* Assets.xcassets */; };
		B677A3132A450B7D009348F9 /* Preview Assets.xcassets in Resources */ = {isa = PBXBuildFile; fileRef = B677A3122A450B7D009348F9 /* Preview Assets.xcassets */; };
		B677A3152A450B7D009348F9 /* Persistence.swift in Sources */ = {isa = PBXBuildFile; fileRef = B677A3142A450B7D009348F9 /* Persistence.swift */; };
		B677A3182A450B7D009348F9 /* tinyTimer.xcdatamodeld in Sources */ = {isa = PBXBuildFile; fileRef = B677A3162A450B7D009348F9 /* tinyTimer.xcdatamodeld */; };
/* End PBXBuildFile section */

/* Begin PBXFileReference section */
		B644CB3F2A45A971000BF247 /* FootingView.swift */ = {isa = PBXFileReference; lastKnownFileType = sourcecode.swift; path = FootingView.swift; sourceTree = "<group>"; };
		B644CB412A45A998000BF247 /* AboutView.swift */ = {isa = PBXFileReference; lastKnownFileType = sourcecode.swift; path = AboutView.swift; sourceTree = "<group>"; };
		B644CB432A45A9B2000BF247 /* TimerSettingView.swift */ = {isa = PBXFileReference; lastKnownFileType = sourcecode.swift; path = TimerSettingView.swift; sourceTree = "<group>"; };
		B677A3082A450B7C009348F9 /* tinyTimer.app */ = {isa = PBXFileReference; explicitFileType = wrapper.application; includeInIndex = 0; path = tinyTimer.app; sourceTree = BUILT_PRODUCTS_DIR; };
		B677A30B2A450B7C009348F9 /* tinyTimerApp.swift */ = {isa = PBXFileReference; lastKnownFileType = sourcecode.swift; path = tinyTimerApp.swift; sourceTree = "<group>"; };
		B677A30D2A450B7C009348F9 /* ContentView.swift */ = {isa = PBXFileReference; lastKnownFileType = sourcecode.swift; path = ContentView.swift; sourceTree = "<group>"; };
		B677A30F2A450B7D009348F9 /* Assets.xcassets */ = {isa = PBXFileReference; lastKnownFileType = folder.assetcatalog; path = Assets.xcassets; sourceTree = "<group>"; };
		B677A3122A450B7D009348F9 /* Preview Assets.xcassets */ = {isa = PBXFileReference; lastKnownFileType = folder.assetcatalog; path = "Preview Assets.xcassets"; sourceTree = "<group>"; };
		B677A3142A450B7D009348F9 /* Persistence.swift */ = {isa = PBXFileReference; lastKnownFileType = sourcecode.swift; path = Persistence.swift; sourceTree = "<group>"; };
		B677A3172A450B7D009348F9 /* tinyTimer.xcdatamodel */ = {isa = PBXFileReference; lastKnownFileType = wrapper.xcdatamodel; path = tinyTimer.xcdatamodel; sourceTree = "<group>"; };
		B677A3192A450B7D009348F9 /* tinyTimer.entitlements */ = {isa = PBXFileReference; lastKnownFileType = text.plist.entitlements; path = tinyTimer.entitlements; sourceTree = "<group>"; };
/* End PBXFileReference section */

/* Begin PBXFrameworksBuildPhase section */
		B677A3052A450B7C009348F9 /* Frameworks */ = {
			isa = PBXFrameworksBuildPhase;
			buildActionMask = 2147483647;
			files = (
				B644CB472A45BCCD000BF247 /* LaunchAtLogin in Frameworks */,
			);
			runOnlyForDeploymentPostprocessing = 0;
		};
/* End PBXFrameworksBuildPhase section */

/* Begin PBXGroup section */
		B677A2FF2A450B7C009348F9 = {
			isa = PBXGroup;
			children = (
				B677A30A2A450B7C009348F9 /* tinyTimer */,
				B677A3092A450B7C009348F9 /* Products */,
			);
			sourceTree = "<group>";
		};
		B677A3092A450B7C009348F9 /* Products */ = {
			isa = PBXGroup;
			children = (
				B677A3082A450B7C009348F9 /* tinyTimer.app */,
			);
			name = Products;
			sourceTree = "<group>";
		};
		B677A30A2A450B7C009348F9 /* tinyTimer */ = {
			isa = PBXGroup;
			children = (
				B677A30B2A450B7C009348F9 /* tinyTimerApp.swift */,
				B644CB432A45A9B2000BF247 /* TimerSettingView.swift */,
				B644CB3F2A45A971000BF247 /* FootingView.swift */,
				B644CB412A45A998000BF247 /* AboutView.swift */,
				B677A30D2A450B7C009348F9 /* ContentView.swift */,
				B677A30F2A450B7D009348F9 /* Assets.xcassets */,
				B677A3142A450B7D009348F9 /* Persistence.swift */,
				B677A3192A450B7D009348F9 /* tinyTimer.entitlements */,
				B677A3162A450B7D009348F9 /* tinyTimer.xcdatamodeld */,
				B677A3112A450B7D009348F9 /* Preview Content */,
			);
			path = tinyTimer;
			sourceTree = "<group>";
		};
		B677A3112A450B7D009348F9 /* Preview Content */ = {
			isa = PBXGroup;
			children = (
				B677A3122A450B7D009348F9 /* Preview Assets.xcassets */,
			);
			path = "Preview Content";
			sourceTree = "<group>";
		};
/* End PBXGroup section */

/* Begin PBXNativeTarget section */
		B677A3072A450B7C009348F9 /* tinyTimer */ = {
			isa = PBXNativeTarget;
			buildConfigurationList = B677A31C2A450B7D009348F9 /* Build configuration list for PBXNativeTarget "tinyTimer" */;
			buildPhases = (
				B677A3042A450B7C009348F9 /* Sources */,
				B677A3052A450B7C009348F9 /* Frameworks */,
				B677A3062A450B7C009348F9 /* Resources */,
			);
			buildRules = (
			);
			dependencies = (
			);
			name = tinyTimer;
			packageProductDependencies = (
				B644CB462A45BCCD000BF247 /* LaunchAtLogin */,
			);
			productName = tinyTimer;
			productReference = B677A3082A450B7C009348F9 /* tinyTimer.app */;
			productType = "com.apple.product-type.application";
		};
/* End PBXNativeTarget section */

/* Begin PBXProject section */
		B677A3002A450B7C009348F9 /* Project object */ = {
			isa = PBXProject;
			attributes = {
				BuildIndependentTargetsInParallel = 1;
				LastSwiftUpdateCheck = 1430;
				LastUpgradeCheck = 1430;
				TargetAttributes = {
					B677A3072A450B7C009348F9 = {
						CreatedOnToolsVersion = 14.3.1;
					};
				};
			};
			buildConfigurationList = B677A3032A450B7C009348F9 /* Build configuration list for PBXProject "tinyTimer" */;
			compatibilityVersion = "Xcode 14.0";
			developmentRegion = en;
			hasScannedForEncodings = 0;
			knownRegions = (
				en,
				Base,
			);
			mainGroup = B677A2FF2A450B7C009348F9;
			packageReferences = (
				B644CB452A45BCCD000BF247 /* XCRemoteSwiftPackageReference "LaunchAtLogin-Modern" */,
			);
			productRefGroup = B677A3092A450B7C009348F9 /* Products */;
			projectDirPath = "";
			projectRoot = "";
			targets = (
				B677A3072A450B7C009348F9 /* tinyTimer */,
			);
		};
/* End PBXProject section */

/* Begin PBXResourcesBuildPhase section */
		B677A3062A450B7C009348F9 /* Resources */ = {
			isa = PBXResourcesBuildPhase;
			buildActionMask = 2147483647;
			files = (
				B677A3132A450B7D009348F9 /* Preview Assets.xcassets in Resources */,
				B677A3102A450B7D009348F9 /* Assets.xcassets in Resources */,
			);
			runOnlyForDeploymentPostprocessing = 0;
		};
/* End PBXResourcesBuildPhase section */

/* Begin PBXSourcesBuildPhase section */
		B677A3042A450B7C009348F9 /* Sources */ = {
			isa = PBXSourcesBuildPhase;
			buildActionMask = 2147483647;
			files = (
				B677A3152A450B7D009348F9 /* Persistence.swift in Sources */,
				B677A30E2A450B7C009348F9 /* ContentView.swift in Sources */,
				B677A30C2A450B7C009348F9 /* tinyTimerApp.swift in Sources */,
				B677A3182A450B7D009348F9 /* tinyTimer.xcdatamodeld in Sources */,
				B644CB442A45A9B2000BF247 /* TimerSettingView.swift in Sources */,
				B644CB422A45A998000BF247 /* AboutView.swift in Sources */,
				B644CB402A45A971000BF247 /* FootingView.swift in Sources */,
			);
			runOnlyForDeploymentPostprocessing = 0;
		};
/* End PBXSourcesBuildPhase section */

/* Begin XCBuildConfiguration section */
		B677A31A2A450B7D009348F9 /* Debug */ = {
			isa = XCBuildConfiguration;
			buildSettings = {
				ALWAYS_SEARCH_USER_PATHS = NO;
				CLANG_ANALYZER_NONNULL = YES;
				CLANG_ANALYZER_NUMBER_OBJECT_CONVERSION = YES_AGGRESSIVE;
				CLANG_CXX_LANGUAGE_STANDARD = "gnu++20";
				CLANG_ENABLE_MODULES = YES;
				CLANG_ENABLE_OBJC_ARC = YES;
				CLANG_ENABLE_OBJC_WEAK = YES;
				CLANG_WARN_BLOCK_CAPTURE_AUTORELEASING = YES;
				CLANG_WARN_BOOL_CONVERSION = YES;
				CLANG_WARN_COMMA = YES;
				CLANG_WARN_CONSTANT_CONVERSION = YES;
				CLANG_WARN_DEPRECATED_OBJC_IMPLEMENTATIONS = YES;
				CLANG_WARN_DIRECT_OBJC_ISA_USAGE = YES_ERROR;
				CLANG_WARN_DOCUMENTATION_COMMENTS = YES;
				CLANG_WARN_EMPTY_BODY = YES;
				CLANG_WARN_ENUM_CONVERSION = YES;
				CLANG_WARN_INFINITE_RECURSION = YES;
				CLANG_WARN_INT_CONVERSION = YES;
				CLANG_WARN_NON_LITERAL_NULL_CONVERSION = YES;
				CLANG_WARN_OBJC_IMPLICIT_RETAIN_SELF = YES;
				CLANG_WARN_OBJC_LITERAL_CONVERSION = YES;
				CLANG_WARN_OBJC_ROOT_CLASS = YES_ERROR;
				CLANG_WARN_QUOTED_INCLUDE_IN_FRAMEWORK_HEADER = YES;
				CLANG_WARN_RANGE_LOOP_ANALYSIS = YES;
				CLANG_WARN_STRICT_PROTOTYPES = YES;
				CLANG_WARN_SUSPICIOUS_MOVE = YES;
				CLANG_WARN_UNGUARDED_AVAILABILITY = YES_AGGRESSIVE;
				CLANG_WARN_UNREACHABLE_CODE = YES;
				CLANG_WARN__DUPLICATE_METHOD_MATCH = YES;
				COPY_PHASE_STRIP = NO;
				DEBUG_INFORMATION_FORMAT = dwarf;
				ENABLE_STRICT_OBJC_MSGSEND = YES;
				ENABLE_TESTABILITY = YES;
				GCC_C_LANGUAGE_STANDARD = gnu11;
				GCC_DYNAMIC_NO_PIC = NO;
				GCC_NO_COMMON_BLOCKS = YES;
				GCC_OPTIMIZATION_LEVEL = 0;
				GCC_PREPROCESSOR_DEFINITIONS = (
					"DEBUG=1",
					"$(inherited)",
				);
				GCC_WARN_64_TO_32_BIT_CONVERSION = YES;
				GCC_WARN_ABOUT_RETURN_TYPE = YES_ERROR;
				GCC_WARN_UNDECLARED_SELECTOR = YES;
				GCC_WARN_UNINITIALIZED_AUTOS = YES_AGGRESSIVE;
				GCC_WARN_UNUSED_FUNCTION = YES;
				GCC_WARN_UNUSED_VARIABLE = YES;
				MACOSX_DEPLOYMENT_TARGET = 13.3;
				MTL_ENABLE_DEBUG_INFO = INCLUDE_SOURCE;
				MTL_FAST_MATH = YES;
				ONLY_ACTIVE_ARCH = YES;
				SDKROOT = macosx;
				SWIFT_ACTIVE_COMPILATION_CONDITIONS = DEBUG;
				SWIFT_OPTIMIZATION_LEVEL = "-Onone";
			};
			name = Debug;
		};
		B677A31B2A450B7D009348F9 /* Release */ = {
			isa = XCBuildConfiguration;
			buildSettings = {
				ALWAYS_SEARCH_USER_PATHS = NO;
				CLANG_ANALYZER_NONNULL = YES;
				CLANG_ANALYZER_NUMBER_OBJECT_CONVERSION = YES_AGGRESSIVE;
				CLANG_CXX_LANGUAGE_STANDARD = "gnu++20";
				CLANG_ENABLE_MODULES = YES;
				CLANG_ENABLE_OBJC_ARC = YES;
				CLANG_ENABLE_OBJC_WEAK = YES;
				CLANG_WARN_BLOCK_CAPTURE_AUTORELEASING = YES;
				CLANG_WARN_BOOL_CONVERSION = YES;
				CLANG_WARN_COMMA = YES;
				CLANG_WARN_CONSTANT_CONVERSION = YES;
				CLANG_WARN_DEPRECATED_OBJC_IMPLEMENTATIONS = YES;
				CLANG_WARN_DIRECT_OBJC_ISA_USAGE = YES_ERROR;
				CLANG_WARN_DOCUMENTATION_COMMENTS = YES;
				CLANG_WARN_EMPTY_BODY = YES;
				CLANG_WARN_ENUM_CONVERSION = YES;
				CLANG_WARN_INFINITE_RECURSION = YES;
				CLANG_WARN_INT_CONVERSION = YES;
				CLANG_WARN_NON_LITERAL_NULL_CONVERSION = YES;
				CLANG_WARN_OBJC_IMPLICIT_RETAIN_SELF = YES;
				CLANG_WARN_OBJC_LITERAL_CONVERSION = YES;
				CLANG_WARN_OBJC_ROOT_CLASS = YES_ERROR;
				CLANG_WARN_QUOTED_INCLUDE_IN_FRAMEWORK_HEADER = YES;
				CLANG_WARN_RANGE_LOOP_ANALYSIS = YES;
				CLANG_WARN_STRICT_PROTOTYPES = YES;
				CLANG_WARN_SUSPICIOUS_MOVE = YES;
				CLANG_WARN_UNGUARDED_AVAILABILITY = YES_AGGRESSIVE;
				CLANG_WARN_UNREACHABLE_CODE = YES;
				CLANG_WARN__DUPLICATE_METHOD_MATCH = YES;
				COPY_PHASE_STRIP = NO;
				DEBUG_INFORMATION_FORMAT = "dwarf-with-dsym";
				ENABLE_NS_ASSERTIONS = NO;
				ENABLE_STRICT_OBJC_MSGSEND = YES;
				GCC_C_LANGUAGE_STANDARD = gnu11;
				GCC_NO_COMMON_BLOCKS = YES;
				GCC_WARN_64_TO_32_BIT_CONVERSION = YES;
				GCC_WARN_ABOUT_RETURN_TYPE = YES_ERROR;
				GCC_WARN_UNDECLARED_SELECTOR = YES;
				GCC_WARN_UNINITIALIZED_AUTOS = YES_AGGRESSIVE;
				GCC_WARN_UNUSED_FUNCTION = YES;
				GCC_WARN_UNUSED_VARIABLE = YES;
				MACOSX_DEPLOYMENT_TARGET = 13.3;
				MTL_ENABLE_DEBUG_INFO = NO;
				MTL_FAST_MATH = YES;
				SDKROOT = macosx;
				SWIFT_COMPILATION_MODE = wholemodule;
				SWIFT_OPTIMIZATION_LEVEL = "-O";
			};
			name = Release;
		};
		B677A31D2A450B7D009348F9 /* Debug */ = {
			isa = XCBuildConfiguration;
			buildSettings = {
				ASSETCATALOG_COMPILER_APPICON_NAME = AppIcon;
				ASSETCATALOG_COMPILER_GLOBAL_ACCENT_COLOR_NAME = AccentColor;
				CODE_SIGN_ENTITLEMENTS = tinyTimer/tinyTimer.entitlements;
				CODE_SIGN_STYLE = Automatic;
				COMBINE_HIDPI_IMAGES = YES;
				CURRENT_PROJECT_VERSION = 1;
				DEVELOPMENT_ASSET_PATHS = "\"tinyTimer/Preview Content\"";
				DEVELOPMENT_TEAM = 7ESWS66W3L;
				ENABLE_HARDENED_RUNTIME = YES;
				ENABLE_PREVIEWS = YES;
				GENERATE_INFOPLIST_FILE = YES;
				INFOPLIST_KEY_LSUIElement = YES;
				INFOPLIST_KEY_NSHumanReadableCopyright = "";
				LD_RUNPATH_SEARCH_PATHS = (
					"$(inherited)",
					"@executable_path/../Frameworks",
				);
				MARKETING_VERSION = 1.0;
				PRODUCT_BUNDLE_IDENTIFIER = com.sermet.tinyTimer;
				PRODUCT_NAME = "$(TARGET_NAME)";
				SWIFT_EMIT_LOC_STRINGS = YES;
				SWIFT_VERSION = 5.0;
			};
			name = Debug;
		};
		B677A31E2A450B7D009348F9 /* Release */ = {
			isa = XCBuildConfiguration;
			buildSettings = {
				ASSETCATALOG_COMPILER_APPICON_NAME = AppIcon;
				ASSETCATALOG_COMPILER_GLOBAL_ACCENT_COLOR_NAME = AccentColor;
				CODE_SIGN_ENTITLEMENTS = tinyTimer/tinyTimer.entitlements;
				CODE_SIGN_STYLE = Automatic;
				COMBINE_HIDPI_IMAGES = YES;
				CURRENT_PROJECT_VERSION = 1;
				DEVELOPMENT_ASSET_PATHS = "\"tinyTimer/Preview Content\"";
				DEVELOPMENT_TEAM = 7ESWS66W3L;
				ENABLE_HARDENED_RUNTIME = YES;
				ENABLE_PREVIEWS = YES;
				GENERATE_INFOPLIST_FILE = YES;
				INFOPLIST_KEY_LSUIElement = YES;
				INFOPLIST_KEY_NSHumanReadableCopyright = "";
				LD_RUNPATH_SEARCH_PATHS = (
					"$(inherited)",
					"@executable_path/../Frameworks",
				);
				MARKETING_VERSION = 1.0;
				PRODUCT_BUNDLE_IDENTIFIER = com.sermet.tinyTimer;
				PRODUCT_NAME = "$(TARGET_NAME)";
				SWIFT_EMIT_LOC_STRINGS = YES;
				SWIFT_VERSION = 5.0;
			};
			name = Release;
		};
/* End XCBuildConfiguration section */

/* Begin XCConfigurationList section */
		B677A3032A450B7C009348F9 /* Build configuration list for PBXProject "tinyTimer" */ = {
			isa = XCConfigurationList;
			buildConfigurations = (
				B677A31A2A450B7D009348F9 /* Debug */,
				B677A31B2A450B7D009348F9 /* Release */,
			);
			defaultConfigurationIsVisible = 0;
			defaultConfigurationName = Release;
		};
		B677A31C2A450B7D009348F9 /* Build configuration list for PBXNativeTarget "tinyTimer" */ = {
			isa = XCConfigurationList;
			buildConfigurations = (
				B677A31D2A450B7D009348F9 /* Debug */,
				B677A31E2A450B7D009348F9 /* Release */,
			);
			defaultConfigurationIsVisible = 0;
			defaultConfigurationName = Release;
		};
/* End XCConfigurationList section */

/* Begin XCRemoteSwiftPackageReference section */
		B644CB452A45BCCD000BF247 /* XCRemoteSwiftPackageReference "LaunchAtLogin-Modern" */ = {
			isa = XCRemoteSwiftPackageReference;
			repositoryURL = "https://github.com/sindresorhus/LaunchAtLogin-Modern";
			requirement = {
				branch = main;
				kind = branch;
			};
		};
/* End XCRemoteSwiftPackageReference section */

/* Begin XCSwiftPackageProductDependency section */
		B644CB462A45BCCD000BF247 /* LaunchAtLogin */ = {
			isa = XCSwiftPackageProductDependency;
			package = B644CB452A45BCCD000BF247 /* XCRemoteSwiftPackageReference "LaunchAtLogin-Modern" */;
			productName = LaunchAtLogin;
		};
/* End XCSwiftPackageProductDependency section */

/* Begin XCVersionGroup section */
		B677A3162A450B7D009348F9 /* tinyTimer.xcdatamodeld */ = {
			isa = XCVersionGroup;
			children = (
				B677A3172A450B7D009348F9 /* tinyTimer.xcdatamodel */,
			);
			currentVersion = B677A3172A450B7D009348F9 /* tinyTimer.xcdatamodel */;
			path = tinyTimer.xcdatamodeld;
			sourceTree = "<group>";
			versionGroupType = wrapper.xcdatamodel;
		};
/* End XCVersionGroup section */
	};
	rootObject = B677A3002A450B7C009348F9 /* Project object */;
}
